
Microsoft Visual Studio Solution File, Format Version 12.00
Project("{FAE04EC0-301F-11D3-BF4B-00C04F79EFBC}") = "PaginacaoProject", "PaginacaoProject.csproj", "{8DD8CD2E-DD8D-4A6C-9078-48A77DC227BD}"
EndProject
Global
	GlobalSection(SolutionConfigurationPlatforms) = preSolution
		Debug|Any CPU = Debug|Any CPU
		Release|Any CPU = Release|Any CPU
	EndGlobalSection
	GlobalSection(ProjectConfigurationPlatforms) = postSolution
		{8DD8CD2E-DD8D-4A6C-9078-48A77DC227BD}.Debug|Any CPU.ActiveCfg = Debug|Any CPU
		{8DD8CD2E-DD8D-4A6C-9078-48A77DC227BD}.Debug|Any CPU.Build.0 = Debug|Any CPU
		{8DD8CD2E-DD8D-4A6C-9078-48A77DC227BD}.Release|Any CPU.ActiveCfg = Release|Any CPU
		{8DD8CD2E-DD8D-4A6C-9078-48A77DC227BD}.Release|Any CPU.Build.0 = Release|Any CPU
	EndGlobalSection
EndGlobal
